
Microsoft Visual Studio Solution File, Format Version 12.00
# Visual Studio 15
VisualStudioVersion = 15.0.28307.329
MinimumVisualStudioVersion = 10.0.40219.1
Project("{FAE04EC0-301F-11D3-BF4B-00C04F79EFBC}") = "WorkItemServices", "WorkItemServices\WorkItemServices.csproj", "{40A993F4-0A9C-4655-A8D1-F9BAC11C96D6}"
EndProject
Project("{FAE04EC0-301F-11D3-BF4B-00C04F79EFBC}") = "WorkItemService.Demo", "WorkItemService.Demo\WorkItemService.Demo.csproj", "{E3EEB345-6DFF-4C66-981B-1208E682672F}"
EndProject
Project("{FAE04EC0-301F-11D3-BF4B-00C04F79EFBC}") = "TimeTrackingService", "TimeTrackingService\TimeTrackingService.csproj", "{6882C61C-D602-4907-A50C-1D2A33DD91D7}"
EndProject
Global
	GlobalSection(SolutionConfigurationPlatforms) = preSolution
		Debug|Any CPU = Debug|Any CPU
		Release|Any CPU = Release|Any CPU
	EndGlobalSection
	GlobalSection(ProjectConfigurationPlatforms) = postSolution
		{40A993F4-0A9C-4655-A8D1-F9BAC11C96D6}.Debug|Any CPU.ActiveCfg = Debug|Any CPU
		{40A993F4-0A9C-4655-A8D1-F9BAC11C96D6}.Debug|Any CPU.Build.0 = Debug|Any CPU
		{40A993F4-0A9C-4655-A8D1-F9BAC11C96D6}.Release|Any CPU.ActiveCfg = Release|Any CPU
		{40A993F4-0A9C-4655-A8D1-F9BAC11C96D6}.Release|Any CPU.Build.0 = Release|Any CPU
		{E3EEB345-6DFF-4C66-981B-1208E682672F}.Debug|Any CPU.ActiveCfg = Debug|Any CPU
		{E3EEB345-6DFF-4C66-981B-1208E682672F}.Debug|Any CPU.Build.0 = Debug|Any CPU
		{E3EEB345-6DFF-4C66-981B-1208E682672F}.Release|Any CPU.ActiveCfg = Release|Any CPU
		{E3EEB345-6DFF-4C66-981B-1208E682672F}.Release|Any CPU.Build.0 = Release|Any CPU
		{6882C61C-D602-4907-A50C-1D2A33DD91D7}.Debug|Any CPU.ActiveCfg = Debug|Any CPU
		{6882C61C-D602-4907-A50C-1D2A33DD91D7}.Debug|Any CPU.Build.0 = Debug|Any CPU
		{6882C61C-D602-4907-A50C-1D2A33DD91D7}.Release|Any CPU.ActiveCfg = Release|Any CPU
		{6882C61C-D602-4907-A50C-1D2A33DD91D7}.Release|Any CPU.Build.0 = Release|Any CPU
	EndGlobalSection
	GlobalSection(SolutionProperties) = preSolution
		HideSolutionNode = FALSE
	EndGlobalSection
	GlobalSection(ExtensibilityGlobals) = postSolution
		SolutionGuid = {A2CD5E60-9D5D-47E9-8BAC-20AA095B40E8}
	EndGlobalSection
EndGlobal
